Microsoft Visual Studio Solution File, Format Version 12.00
# Visual Studio Version 17
VisualStudioVersion = 17.5.2.0
MinimumVisualStudioVersion = 10.0.40219.1
Project("{2150E333-8FDC-42A3-9474-1A3956D46DE8}") = "grok-video-sdk-dotnet", "grok-video-sdk-dotnet", "{EFE8BCD8-53D4-6996-00FD-15431483C73A}"
EndProject
Project("{FAE04EC0-301F-11D3-BF4B-00C04F79EFBC}") = "GrokVideoSdk", "grok-video-sdk-dotnet\GrokVideoSdk.csproj", "{A3B9422B-47D2-09AD-14FA-75098946DE86}"
EndProject
Global
	GlobalSection(SolutionConfigurationPlatforms) = preSolution
		Debug|Any CPU = Debug|Any CPU
		Release|Any CPU = Release|Any CPU
	EndGlobalSection
	GlobalSection(ProjectConfigurationPlatforms) = postSolution
		{A3B9422B-47D2-09AD-14FA-75098946DE86}.Debug|Any CPU.ActiveCfg = Debug|Any CPU
		{A3B9422B-47D2-09AD-14FA-75098946DE86}.Debug|Any CPU.Build.0 = Debug|Any CPU
		{A3B9422B-47D2-09AD-14FA-75098946DE86}.Release|Any CPU.ActiveCfg = Release|Any CPU
		{A3B9422B-47D2-09AD-14FA-75098946DE86}.Release|Any CPU.Build.0 = Release|Any CPU
	EndGlobalSection
	GlobalSection(SolutionProperties) = preSolution
		HideSolutionNode = FALSE
	EndGlobalSection
	GlobalSection(NestedProjects) = preSolution
		{A3B9422B-47D2-09AD-14FA-75098946DE86} = {EFE8BCD8-53D4-6996-00FD-15431483C73A}
	EndGlobalSection
	GlobalSection(ExtensibilityGlobals) = postSolution
		SolutionGuid = {8C545CED-8FB1-4069-AC18-1C5B3483ABCE}
	EndGlobalSection
EndGlobal
